
Microsoft Visual Studio Solution File, Format Version 12.00
# Visual Studio Version 16
VisualStudioVersion = 25.0.1705.0
MinimumVisualStudioVersion = 10.0.40219.1
Project("{FAE04EC0-301F-11D3-BF4B-00C04F79EFBC}") = "Echolalia.Android", "Echolalia\Echolalia.Android\Echolalia.Android.csproj", "{771B8658-E946-4E2A-9666-45E8E4CB01E7}"
EndProject
Project("{FAE04EC0-301F-11D3-BF4B-00C04F79EFBC}") = "Echolalia.iOS", "Echolalia\Echolalia.iOS\Echolalia.iOS.csproj", "{C65E76E5-C569-4F5F-BA24-323FB1FB825F}"
EndProject
Project("{FAE04EC0-301F-11D3-BF4B-00C04F79EFBC}") = "Echolalia", "Echolalia\Echolalia\Echolalia.csproj", "{F2574FF4-EFC7-4214-AB01-851663A99DE8}"
EndProject
Global
	GlobalSection(SolutionConfigurationPlatforms) = preSolution
		Debug|Any CPU = Debug|Any CPU
		Release|Any CPU = Release|Any CPU
		Debug|iPhoneSimulator = Debug|iPhoneSimulator
		Release|iPhoneSimulator = Release|iPhoneSimulator
		Debug|iPhone = Debug|iPhone
		Release|iPhone = Release|iPhone
	EndGlobalSection
	GlobalSection(ProjectConfigurationPlatforms) = postSolution
		{771B8658-E946-4E2A-9666-45E8E4CB01E7}.Debug|Any CPU.ActiveCfg = Debug|Any CPU
		{771B8658-E946-4E2A-9666-45E8E4CB01E7}.Debug|Any CPU.Build.0 = Debug|Any CPU
		{771B8658-E946-4E2A-9666-45E8E4CB01E7}.Release|Any CPU.ActiveCfg = Release|Any CPU
		{771B8658-E946-4E2A-9666-45E8E4CB01E7}.Release|Any CPU.Build.0 = Release|Any CPU
		{771B8658-E946-4E2A-9666-45E8E4CB01E7}.Debug|iPhoneSimulator.ActiveCfg = Debug|Any CPU
		{771B8658-E946-4E2A-9666-45E8E4CB01E7}.Debug|iPhoneSimulator.Build.0 = Debug|Any CPU
		{771B8658-E946-4E2A-9666-45E8E4CB01E7}.Release|iPhoneSimulator.ActiveCfg = Release|Any CPU
		{771B8658-E946-4E2A-9666-45E8E4CB01E7}.Release|iPhoneSimulator.Build.0 = Release|Any CPU
		{771B8658-E946-4E2A-9666-45E8E4CB01E7}.Debug|iPhone.ActiveCfg = Debug|Any CPU
		{771B8658-E946-4E2A-9666-45E8E4CB01E7}.Debug|iPhone.Build.0 = Debug|Any CPU
		{771B8658-E946-4E2A-9666-45E8E4CB01E7}.Release|iPhone.ActiveCfg = Release|Any CPU
		{771B8658-E946-4E2A-9666-45E8E4CB01E7}.Release|iPhone.Build.0 = Release|Any CPU
		{C65E76E5-C569-4F5F-BA24-323FB1FB825F}.Debug|Any CPU.ActiveCfg = Debug|iPhoneSimulator
		{C65E76E5-C569-4F5F-BA24-323FB1FB825F}.Debug|Any CPU.Build.0 = Debug|iPhoneSimulator
		{C65E76E5-C569-4F5F-BA24-323FB1FB825F}.Release|Any CPU.ActiveCfg = Release|iPhoneSimulator
		{C65E76E5-C569-4F5F-BA24-323FB1FB825F}.Release|Any CPU.Build.0 = Release|iPhoneSimulator
		{C65E76E5-C569-4F5F-BA24-323FB1FB825F}.Debug|iPhoneSimulator.ActiveCfg = Debug|iPhoneSimulator
		{C65E76E5-C569-4F5F-BA24-323FB1FB825F}.Debug|iPhoneSimulator.Build.0 = Debug|iPhoneSimulator
		{C65E76E5-C569-4F5F-BA24-323FB1FB825F}.Release|iPhoneSimulator.ActiveCfg = Release|iPhoneSimulator
		{C65E76E5-C569-4F5F-BA24-323FB1FB825F}.Release|iPhoneSimulator.Build.0 = Release|iPhoneSimulator
		{C65E76E5-C569-4F5F-BA24-323FB1FB825F}.Debug|iPhone.ActiveCfg = Debug|iPhone
		{C65E76E5-C569-4F5F-BA24-323FB1FB825F}.Debug|iPhone.Build.0 = Debug|iPhone
		{C65E76E5-C569-4F5F-BA24-323FB1FB825F}.Release|iPhone.ActiveCfg = Release|iPhone
		{C65E76E5-C569-4F5F-BA24-323FB1FB825F}.Release|iPhone.Build.0 = Release|iPhone
		{F2574FF4-EFC7-4214-AB01-851663A99DE8}.Debug|Any CPU.ActiveCfg = Debug|Any CPU
		{F2574FF4-EFC7-4214-AB01-851663A99DE8}.Debug|Any CPU.Build.0 = Debug|Any CPU
		{F2574FF4-EFC7-4214-AB01-851663A99DE8}.Release|Any CPU.ActiveCfg = Release|Any CPU
		{F2574FF4-EFC7-4214-AB01-851663A99DE8}.Release|Any CPU.Build.0 = Release|Any CPU
		{F2574FF4-EFC7-4214-AB01-851663A99DE8}.Debug|iPhoneSimulator.ActiveCfg = Debug|Any CPU
		{F2574FF4-EFC7-4214-AB01-851663A99DE8}.Debug|iPhoneSimulator.Build.0 = Debug|Any CPU
		{F2574FF4-EFC7-4214-AB01-851663A99DE8}.Release|iPhoneSimulator.ActiveCfg = Release|Any CPU
		{F2574FF4-EFC7-4214-AB01-851663A99DE8}.Release|iPhoneSimulator.Build.0 = Release|Any CPU
		{F2574FF4-EFC7-4214-AB01-851663A99DE8}.Debug|iPhone.ActiveCfg = Debug|Any CPU
		{F2574FF4-EFC7-4214-AB01-851663A99DE8}.Debug|iPhone.Build.0 = Debug|Any CPU
		{F2574FF4-EFC7-4214-AB01-851663A99DE8}.Release|iPhone.ActiveCfg = Release|Any CPU
		{F2574FF4-EFC7-4214-AB01-851663A99DE8}.Release|iPhone.Build.0 = Release|Any CPU
	EndGlobalSection
	GlobalSection(SolutionProperties) = preSolution
		HideSolutionNode = FALSE
	EndGlobalSection
	GlobalSection(ExtensibilityGlobals) = postSolution
		SolutionGuid = {A2AB8290-5FC5-4BBC-B630-F82FB8464313}
	EndGlobalSection
EndGlobal
