
Microsoft Visual Studio Solution File, Format Version 12.00
# Visual Studio Version 16
VisualStudioVersion = 25.0.1705.0
MinimumVisualStudioVersion = 10.0.40219.1
Project("{FAE04EC0-301F-11D3-BF4B-00C04F79EFBC}") = "Echolalia.Android", "Echolalia\Echolalia.Android\Echolalia.Android.csproj", "{D0EDDB0A-33B3-41C7-A03E-ED92DE93422F}"
EndProject
Project("{FAE04EC0-301F-11D3-BF4B-00C04F79EFBC}") = "Echolalia.iOS", "Echolalia\Echolalia.iOS\Echolalia.iOS.csproj", "{C56386ED-D696-4AF0-9531-5C873CD9DCCF}"
EndProject
Project("{FAE04EC0-301F-11D3-BF4B-00C04F79EFBC}") = "Echolalia", "Echolalia\Echolalia\Echolalia.csproj", "{663AD4DC-0F35-4DB3-8F72-08943F51C483}"
EndProject
Global
	GlobalSection(SolutionConfigurationPlatforms) = preSolution
		Debug|Any CPU = Debug|Any CPU
		Release|Any CPU = Release|Any CPU
		Debug|iPhoneSimulator = Debug|iPhoneSimulator
		Release|iPhoneSimulator = Release|iPhoneSimulator
		Debug|iPhone = Debug|iPhone
		Release|iPhone = Release|iPhone
	EndGlobalSection
	GlobalSection(ProjectConfigurationPlatforms) = postSolution
		{D0EDDB0A-33B3-41C7-A03E-ED92DE93422F}.Debug|Any CPU.ActiveCfg = Debug|Any CPU
		{D0EDDB0A-33B3-41C7-A03E-ED92DE93422F}.Debug|Any CPU.Build.0 = Debug|Any CPU
		{D0EDDB0A-33B3-41C7-A03E-ED92DE93422F}.Release|Any CPU.ActiveCfg = Release|Any CPU
		{D0EDDB0A-33B3-41C7-A03E-ED92DE93422F}.Release|Any CPU.Build.0 = Release|Any CPU
		{D0EDDB0A-33B3-41C7-A03E-ED92DE93422F}.Debug|iPhoneSimulator.ActiveCfg = Debug|Any CPU
		{D0EDDB0A-33B3-41C7-A03E-ED92DE93422F}.Debug|iPhoneSimulator.Build.0 = Debug|Any CPU
		{D0EDDB0A-33B3-41C7-A03E-ED92DE93422F}.Release|iPhoneSimulator.ActiveCfg = Release|Any CPU
		{D0EDDB0A-33B3-41C7-A03E-ED92DE93422F}.Release|iPhoneSimulator.Build.0 = Release|Any CPU
		{D0EDDB0A-33B3-41C7-A03E-ED92DE93422F}.Debug|iPhone.ActiveCfg = Debug|Any CPU
		{D0EDDB0A-33B3-41C7-A03E-ED92DE93422F}.Debug|iPhone.Build.0 = Debug|Any CPU
		{D0EDDB0A-33B3-41C7-A03E-ED92DE93422F}.Release|iPhone.ActiveCfg = Release|Any CPU
		{D0EDDB0A-33B3-41C7-A03E-ED92DE93422F}.Release|iPhone.Build.0 = Release|Any CPU
		{C56386ED-D696-4AF0-9531-5C873CD9DCCF}.Debug|Any CPU.ActiveCfg = Debug|iPhoneSimulator
		{C56386ED-D696-4AF0-9531-5C873CD9DCCF}.Debug|Any CPU.Build.0 = Debug|iPhoneSimulator
		{C56386ED-D696-4AF0-9531-5C873CD9DCCF}.Release|Any CPU.ActiveCfg = Release|iPhoneSimulator
		{C56386ED-D696-4AF0-9531-5C873CD9DCCF}.Release|Any CPU.Build.0 = Release|iPhoneSimulator
		{C56386ED-D696-4AF0-9531-5C873CD9DCCF}.Debug|iPhoneSimulator.ActiveCfg = Debug|iPhoneSimulator
		{C56386ED-D696-4AF0-9531-5C873CD9DCCF}.Debug|iPhoneSimulator.Build.0 = Debug|iPhoneSimulator
		{C56386ED-D696-4AF0-9531-5C873CD9DCCF}.Release|iPhoneSimulator.ActiveCfg = Release|iPhoneSimulator
		{C56386ED-D696-4AF0-9531-5C873CD9DCCF}.Release|iPhoneSimulator.Build.0 = Release|iPhoneSimulator
		{C56386ED-D696-4AF0-9531-5C873CD9DCCF}.Debug|iPhone.ActiveCfg = Debug|iPhone
		{C56386ED-D696-4AF0-9531-5C873CD9DCCF}.Debug|iPhone.Build.0 = Debug|iPhone
		{C56386ED-D696-4AF0-9531-5C873CD9DCCF}.Release|iPhone.ActiveCfg = Release|iPhone
		{C56386ED-D696-4AF0-9531-5C873CD9DCCF}.Release|iPhone.Build.0 = Release|iPhone
		{663AD4DC-0F35-4DB3-8F72-08943F51C483}.Debug|Any CPU.ActiveCfg = Debug|Any CPU
		{663AD4DC-0F35-4DB3-8F72-08943F51C483}.Debug|Any CPU.Build.0 = Debug|Any CPU
		{663AD4DC-0F35-4DB3-8F72-08943F51C483}.Release|Any CPU.ActiveCfg = Release|Any CPU
		{663AD4DC-0F35-4DB3-8F72-08943F51C483}.Release|Any CPU.Build.0 = Release|Any CPU
		{663AD4DC-0F35-4DB3-8F72-08943F51C483}.Debug|iPhoneSimulator.ActiveCfg = Debug|Any CPU
		{663AD4DC-0F35-4DB3-8F72-08943F51C483}.Debug|iPhoneSimulator.Build.0 = Debug|Any CPU
		{663AD4DC-0F35-4DB3-8F72-08943F51C483}.Release|iPhoneSimulator.ActiveCfg = Release|Any CPU
		{663AD4DC-0F35-4DB3-8F72-08943F51C483}.Release|iPhoneSimulator.Build.0 = Release|Any CPU
		{663AD4DC-0F35-4DB3-8F72-08943F51C483}.Debug|iPhone.ActiveCfg = Debug|Any CPU
		{663AD4DC-0F35-4DB3-8F72-08943F51C483}.Debug|iPhone.Build.0 = Debug|Any CPU
		{663AD4DC-0F35-4DB3-8F72-08943F51C483}.Release|iPhone.ActiveCfg = Release|Any CPU
		{663AD4DC-0F35-4DB3-8F72-08943F51C483}.Release|iPhone.Build.0 = Release|Any CPU
	EndGlobalSection
	GlobalSection(SolutionProperties) = preSolution
		HideSolutionNode = FALSE
	EndGlobalSection
	GlobalSection(ExtensibilityGlobals) = postSolution
		SolutionGuid = {FE42B371-B946-4C2D-92F4-B5E4A8292384}
	EndGlobalSection
EndGlobal
