
Microsoft Visual Studio Solution File, Format Version 12.00
# Visual Studio Version 16
VisualStudioVersion = 25.0.1705.4
MinimumVisualStudioVersion = 10.0.40219.1
Project("{FAE04EC0-301F-11D3-BF4B-00C04F79EFBC}") = "Echolalia.Android", "Echolalia\Echolalia.Android\Echolalia.Android.csproj", "{0CC94A7D-F367-45CF-B4D6-1285292B3633}"
EndProject
Project("{FAE04EC0-301F-11D3-BF4B-00C04F79EFBC}") = "Echolalia.iOS", "Echolalia\Echolalia.iOS\Echolalia.iOS.csproj", "{E4333609-0850-4C49-84D0-488DD98ECFF1}"
EndProject
Project("{FAE04EC0-301F-11D3-BF4B-00C04F79EFBC}") = "Echolalia", "Echolalia\Echolalia\Echolalia.csproj", "{8449EB70-5003-4143-AA3A-C9C3AD2E79C1}"
EndProject
Global
	GlobalSection(SolutionConfigurationPlatforms) = preSolution
		Debug|Any CPU = Debug|Any CPU
		Release|Any CPU = Release|Any CPU
		Debug|iPhoneSimulator = Debug|iPhoneSimulator
		Release|iPhoneSimulator = Release|iPhoneSimulator
		Debug|iPhone = Debug|iPhone
		Release|iPhone = Release|iPhone
	EndGlobalSection
	GlobalSection(ProjectConfigurationPlatforms) = postSolution
		{0CC94A7D-F367-45CF-B4D6-1285292B3633}.Debug|Any CPU.ActiveCfg = Debug|Any CPU
		{0CC94A7D-F367-45CF-B4D6-1285292B3633}.Debug|Any CPU.Build.0 = Debug|Any CPU
		{0CC94A7D-F367-45CF-B4D6-1285292B3633}.Release|Any CPU.ActiveCfg = Release|Any CPU
		{0CC94A7D-F367-45CF-B4D6-1285292B3633}.Release|Any CPU.Build.0 = Release|Any CPU
		{0CC94A7D-F367-45CF-B4D6-1285292B3633}.Debug|iPhoneSimulator.ActiveCfg = Debug|Any CPU
		{0CC94A7D-F367-45CF-B4D6-1285292B3633}.Debug|iPhoneSimulator.Build.0 = Debug|Any CPU
		{0CC94A7D-F367-45CF-B4D6-1285292B3633}.Release|iPhoneSimulator.ActiveCfg = Release|Any CPU
		{0CC94A7D-F367-45CF-B4D6-1285292B3633}.Release|iPhoneSimulator.Build.0 = Release|Any CPU
		{0CC94A7D-F367-45CF-B4D6-1285292B3633}.Debug|iPhone.ActiveCfg = Debug|Any CPU
		{0CC94A7D-F367-45CF-B4D6-1285292B3633}.Debug|iPhone.Build.0 = Debug|Any CPU
		{0CC94A7D-F367-45CF-B4D6-1285292B3633}.Release|iPhone.ActiveCfg = Release|Any CPU
		{0CC94A7D-F367-45CF-B4D6-1285292B3633}.Release|iPhone.Build.0 = Release|Any CPU
		{E4333609-0850-4C49-84D0-488DD98ECFF1}.Debug|Any CPU.ActiveCfg = Debug|iPhoneSimulator
		{E4333609-0850-4C49-84D0-488DD98ECFF1}.Debug|Any CPU.Build.0 = Debug|iPhoneSimulator
		{E4333609-0850-4C49-84D0-488DD98ECFF1}.Release|Any CPU.ActiveCfg = Release|iPhoneSimulator
		{E4333609-0850-4C49-84D0-488DD98ECFF1}.Release|Any CPU.Build.0 = Release|iPhoneSimulator
		{E4333609-0850-4C49-84D0-488DD98ECFF1}.Debug|iPhoneSimulator.ActiveCfg = Debug|iPhoneSimulator
		{E4333609-0850-4C49-84D0-488DD98ECFF1}.Debug|iPhoneSimulator.Build.0 = Debug|iPhoneSimulator
		{E4333609-0850-4C49-84D0-488DD98ECFF1}.Release|iPhoneSimulator.ActiveCfg = Release|iPhoneSimulator
		{E4333609-0850-4C49-84D0-488DD98ECFF1}.Release|iPhoneSimulator.Build.0 = Release|iPhoneSimulator
		{E4333609-0850-4C49-84D0-488DD98ECFF1}.Debug|iPhone.ActiveCfg = Debug|iPhone
		{E4333609-0850-4C49-84D0-488DD98ECFF1}.Debug|iPhone.Build.0 = Debug|iPhone
		{E4333609-0850-4C49-84D0-488DD98ECFF1}.Release|iPhone.ActiveCfg = Release|iPhone
		{E4333609-0850-4C49-84D0-488DD98ECFF1}.Release|iPhone.Build.0 = Release|iPhone
		{8449EB70-5003-4143-AA3A-C9C3AD2E79C1}.Debug|Any CPU.ActiveCfg = Debug|Any CPU
		{8449EB70-5003-4143-AA3A-C9C3AD2E79C1}.Debug|Any CPU.Build.0 = Debug|Any CPU
		{8449EB70-5003-4143-AA3A-C9C3AD2E79C1}.Release|Any CPU.ActiveCfg = Release|Any CPU
		{8449EB70-5003-4143-AA3A-C9C3AD2E79C1}.Release|Any CPU.Build.0 = Release|Any CPU
		{8449EB70-5003-4143-AA3A-C9C3AD2E79C1}.Debug|iPhoneSimulator.ActiveCfg = Debug|Any CPU
		{8449EB70-5003-4143-AA3A-C9C3AD2E79C1}.Debug|iPhoneSimulator.Build.0 = Debug|Any CPU
		{8449EB70-5003-4143-AA3A-C9C3AD2E79C1}.Release|iPhoneSimulator.ActiveCfg = Release|Any CPU
		{8449EB70-5003-4143-AA3A-C9C3AD2E79C1}.Release|iPhoneSimulator.Build.0 = Release|Any CPU
		{8449EB70-5003-4143-AA3A-C9C3AD2E79C1}.Debug|iPhone.ActiveCfg = Debug|Any CPU
		{8449EB70-5003-4143-AA3A-C9C3AD2E79C1}.Debug|iPhone.Build.0 = Debug|Any CPU
		{8449EB70-5003-4143-AA3A-C9C3AD2E79C1}.Release|iPhone.ActiveCfg = Release|Any CPU
		{8449EB70-5003-4143-AA3A-C9C3AD2E79C1}.Release|iPhone.Build.0 = Release|Any CPU
	EndGlobalSection
	GlobalSection(SolutionProperties) = preSolution
		HideSolutionNode = FALSE
	EndGlobalSection
	GlobalSection(ExtensibilityGlobals) = postSolution
		SolutionGuid = {6826A331-9160-4913-9135-AE85C474CCB9}
	EndGlobalSection
EndGlobal
